
Microsoft Visual Studio Solution File, Format Version 12.00
# Visual Studio Version 17
VisualStudioVersion = 17.3.32929.385
MinimumVisualStudioVersion = 10.0.40219.1
Project("{FAE04EC0-301F-11D3-BF4B-00C04F79EFBC}") = "DigitalSignage.ImportCLI", "DigitalSignage.ImportCLI\DigitalSignage.ImportCLI.csproj", "{4D6CBBB6-8B18-4D1E-9E62-170F77D344AB}"
EndProject
Project("{9A19103F-16F7-4668-BE54-9A1E7A4F7556}") = "DigitalSignage.Infrastructure", "DigitalSignage.Infrastructure\DigitalSignage.Infrastructure.csproj", "{4F0DD9EF-4BAC-4954-BA53-AD52541E14E3}"
EndProject
Project("{9A19103F-16F7-4668-BE54-9A1E7A4F7556}") = "DigitalSignage.Data", "DigitalSignage.Data\DigitalSignage.Data.csproj", "{16441E33-CC5B-4DDD-A543-89C637BB2243}"
EndProject
Project("{FAE04EC0-301F-11D3-BF4B-00C04F79EFBC}") = "DigitalSignage.ImportCLI.NUnitTests", "DigitalSignage.ImportCLI.NUnitTests\DigitalSignage.ImportCLI.NUnitTests.csproj", "{C262D314-DAE4-453B-9614-89B6602828D1}"
EndProject
Global
	GlobalSection(SolutionConfigurationPlatforms) = preSolution
		Debug|Any CPU = Debug|Any CPU
		localtemp_toxml|Any CPU = localtemp_toxml|Any CPU
		Release|Any CPU = Release|Any CPU
	EndGlobalSection
	GlobalSection(ProjectConfigurationPlatforms) = postSolution
		{4D6CBBB6-8B18-4D1E-9E62-170F77D344AB}.Debug|Any CPU.ActiveCfg = Debug|Any CPU
		{4D6CBBB6-8B18-4D1E-9E62-170F77D344AB}.Debug|Any CPU.Build.0 = Debug|Any CPU
		{4D6CBBB6-8B18-4D1E-9E62-170F77D344AB}.localtemp_toxml|Any CPU.ActiveCfg = test|Any CPU
		{4D6CBBB6-8B18-4D1E-9E62-170F77D344AB}.localtemp_toxml|Any CPU.Build.0 = test|Any CPU
		{4D6CBBB6-8B18-4D1E-9E62-170F77D344AB}.Release|Any CPU.ActiveCfg = Release|Any CPU
		{4D6CBBB6-8B18-4D1E-9E62-170F77D344AB}.Release|Any CPU.Build.0 = Release|Any CPU
		{4F0DD9EF-4BAC-4954-BA53-AD52541E14E3}.Debug|Any CPU.ActiveCfg = Debug|Any CPU
		{4F0DD9EF-4BAC-4954-BA53-AD52541E14E3}.Debug|Any CPU.Build.0 = Debug|Any CPU
		{4F0DD9EF-4BAC-4954-BA53-AD52541E14E3}.localtemp_toxml|Any CPU.ActiveCfg = Debug|Any CPU
		{4F0DD9EF-4BAC-4954-BA53-AD52541E14E3}.localtemp_toxml|Any CPU.Build.0 = Debug|Any CPU
		{4F0DD9EF-4BAC-4954-BA53-AD52541E14E3}.Release|Any CPU.ActiveCfg = Release|Any CPU
		{4F0DD9EF-4BAC-4954-BA53-AD52541E14E3}.Release|Any CPU.Build.0 = Release|Any CPU
		{16441E33-CC5B-4DDD-A543-89C637BB2243}.Debug|Any CPU.ActiveCfg = Debug|Any CPU
		{16441E33-CC5B-4DDD-A543-89C637BB2243}.Debug|Any CPU.Build.0 = Debug|Any CPU
		{16441E33-CC5B-4DDD-A543-89C637BB2243}.localtemp_toxml|Any CPU.ActiveCfg = test|Any CPU
		{16441E33-CC5B-4DDD-A543-89C637BB2243}.localtemp_toxml|Any CPU.Build.0 = test|Any CPU
		{16441E33-CC5B-4DDD-A543-89C637BB2243}.Release|Any CPU.ActiveCfg = Release|Any CPU
		{16441E33-CC5B-4DDD-A543-89C637BB2243}.Release|Any CPU.Build.0 = Release|Any CPU
		{C262D314-DAE4-453B-9614-89B6602828D1}.Debug|Any CPU.ActiveCfg = Debug|Any CPU
		{C262D314-DAE4-453B-9614-89B6602828D1}.Debug|Any CPU.Build.0 = Debug|Any CPU
		{C262D314-DAE4-453B-9614-89B6602828D1}.localtemp_toxml|Any CPU.ActiveCfg = test|Any CPU
		{C262D314-DAE4-453B-9614-89B6602828D1}.localtemp_toxml|Any CPU.Build.0 = test|Any CPU
		{C262D314-DAE4-453B-9614-89B6602828D1}.Release|Any CPU.ActiveCfg = Release|Any CPU
		{C262D314-DAE4-453B-9614-89B6602828D1}.Release|Any CPU.Build.0 = Release|Any CPU
	EndGlobalSection
	GlobalSection(SolutionProperties) = preSolution
		HideSolutionNode = FALSE
	EndGlobalSection
	GlobalSection(ExtensibilityGlobals) = postSolution
		SolutionGuid = {C1303A88-768E-40F4-8ED8-3103A74B45CA}
	EndGlobalSection
EndGlobal
