
Microsoft Visual Studio Solution File, Format Version 12.00
# Visual Studio 15
VisualStudioVersion = 15.0.27130.2024
MinimumVisualStudioVersion = 10.0.40219.1
Project("{FAE04EC0-301F-11D3-BF4B-00C04F79EFBC}") = "DigitalSignage.ImportCLI", "DigitalSignage.ImportCLI\DigitalSignage.ImportCLI.csproj", "{4D6CBBB6-8B18-4D1E-9E62-170F77D344AB}"
EndProject
Project("{FAE04EC0-301F-11D3-BF4B-00C04F79EFBC}") = "DigitalSignage.Infrastructure", "DigitalSignage.Infrastructure\DigitalSignage.Infrastructure.csproj", "{4F0DD9EF-4BAC-4954-BA53-AD52541E14E3}"
EndProject
Global
	GlobalSection(SolutionConfigurationPlatforms) = preSolution
		Debug|Any CPU = Debug|Any CPU
		Release|Any CPU = Release|Any CPU
	EndGlobalSection
	GlobalSection(ProjectConfigurationPlatforms) = postSolution
		{4D6CBBB6-8B18-4D1E-9E62-170F77D344AB}.Debug|Any CPU.ActiveCfg = Debug|Any CPU
		{4D6CBBB6-8B18-4D1E-9E62-170F77D344AB}.Debug|Any CPU.Build.0 = Debug|Any CPU
		{4D6CBBB6-8B18-4D1E-9E62-170F77D344AB}.Release|Any CPU.ActiveCfg = Release|Any CPU
		{4D6CBBB6-8B18-4D1E-9E62-170F77D344AB}.Release|Any CPU.Build.0 = Release|Any CPU
		{4F0DD9EF-4BAC-4954-BA53-AD52541E14E3}.Debug|Any CPU.ActiveCfg = Debug|Any CPU
		{4F0DD9EF-4BAC-4954-BA53-AD52541E14E3}.Debug|Any CPU.Build.0 = Debug|Any CPU
		{4F0DD9EF-4BAC-4954-BA53-AD52541E14E3}.Release|Any CPU.ActiveCfg = Release|Any CPU
		{4F0DD9EF-4BAC-4954-BA53-AD52541E14E3}.Release|Any CPU.Build.0 = Release|Any CPU
	EndGlobalSection
	GlobalSection(SolutionProperties) = preSolution
		HideSolutionNode = FALSE
	EndGlobalSection
	GlobalSection(ExtensibilityGlobals) = postSolution
		SolutionGuid = {C1303A88-768E-40F4-8ED8-3103A74B45CA}
	EndGlobalSection
EndGlobal
